
Microsoft Visual Studio Solution File, Format Version 12.00
# Visual Studio Version 17
VisualStudioVersion = 17.4.33103.184
MinimumVisualStudioVersion = 10.0.40219.1
Project("{9A19103F-16F7-4668-BE54-9A1E7A4F7556}") = "Science Solver_App", "ScienceSolver.1.1.1\Science Solver_App.csproj", "{DD45D896-2874-40CC-9729-46BEF41405E8}"
EndProject
Global
	GlobalSection(SolutionConfigurationPlatforms) = preSolution
		Debug|Any CPU = Debug|Any CPU
		Release|Any CPU = Release|Any CPU
	EndGlobalSection
	GlobalSection(ProjectConfigurationPlatforms) = postSolution
		{DD45D896-2874-40CC-9729-46BEF41405E8}.Debug|Any CPU.ActiveCfg = Debug|Any CPU
		{DD45D896-2874-40CC-9729-46BEF41405E8}.Debug|Any CPU.Build.0 = Debug|Any CPU
		{DD45D896-2874-40CC-9729-46BEF41405E8}.Release|Any CPU.ActiveCfg = Release|Any CPU
		{DD45D896-2874-40CC-9729-46BEF41405E8}.Release|Any CPU.Build.0 = Release|Any CPU
	EndGlobalSection
	GlobalSection(SolutionProperties) = preSolution
		HideSolutionNode = FALSE
	EndGlobalSection
	GlobalSection(ExtensibilityGlobals) = postSolution
		SolutionGuid = {4A73AA8A-63A6-46BB-89DF-082E63AE9BFB}
	EndGlobalSection
EndGlobal
